{
  "version": 4,
  "terraform_version": "0.13.7",
  "serial": 3,
  "lineage": "99e7834a-bdd9-a685-55f1-f97b9878138a",
  "outputs": {
    "cluster_external_v4_endpoint": {
      "value": "https://51.250.2.182",
      "type": "string"
    }
  },
  "resources": [
    {
      "mode": "managed",
      "type": "yandex_kubernetes_cluster",
      "name": "k8s-cluster",
      "provider": "provider[\"registry.terraform.io/yandex-cloud/yandex\"]",
      "instances": [
        {
          "schema_version": 0,
          "attributes": {
            "cluster_ipv4_range": "10.112.0.0/16",
            "cluster_ipv6_range": "",
            "created_at": "2022-08-03T20:01:41Z",
            "description": "",
            "folder_id": "b1go8bvc3bokuukkbj26",
            "health": "healthy",
            "id": "catuue9vam06arq3r3fv",
            "kms_provider": [],
            "labels": {},
            "log_group_id": "ckg2i9edruoa7jvknn9j",
            "master": [
              {
                "cluster_ca_certificate": "-----BEGIN CERTIFICATE-----\nMIIC5zCCAc+gAwIBAgIBADANBgkqhkiG9w0BAQsFADAVMRMwEQYDVQQDEwprdWJl\ncm5ldGVzMB4XDTIyMDgwMzIwMDE0MloXDTMyMDczMTIwMDE0MlowFTETMBEGA1UE\nAxMKa3ViZXJuZXRlczCCASIwDQYJKoZIhvcNAQEBBQADggEPADCCAQoCggEBANx6\nCj0vg4/at65MtQFiXkFEXiG/F3yg1hIe4DzN9vztbaYRTmK03NoXMFq/c4XcGiL+\nqGTfRWFVKw/44g302JWe37GV5/B+jAafTdFsn+yEM+jAvjT8KiD1m5A1oVyK/5zD\ncWz5i32q/Xsb7lbXl+PbkbPJn2JZYAlcCx4PAMt/SfjdrX6j6WznGPOrAZV+w6EB\nJxLCJAW1kf8+xBpjw1yiLe8n1+LpuTNkWhXtHBBkLm4fwKILVDmnZWPJpfaSQAWk\n5s57IaHvmonQ/Ua7s3IBc50JSz1NSikDKMDWPQgHc+aKk2U/owiuB7GQv4ThMKvE\ndUSkGV9JEayYs4LN8QMCAwEAAaNCMEAwDgYDVR0PAQH/BAQDAgKkMA8GA1UdEwEB\n/wQFMAMBAf8wHQYDVR0OBBYEFBOnh/k94kpFT3MHrVRpHfeByqIwMA0GCSqGSIb3\nDQEBCwUAA4IBAQC5EKkFsz4xuYflOl3YcWW2xr1dw4sWOB+crYrx8sJ2+jITs6og\nmA/dGDT+mPybbrByJggCk7YFH15xUuwKmSDzC14Mpor78O3UB6etNrBOaSy4Q4eD\n0O1pK/qry1qIIS5xuuvVhjhB2uFG4jb7ZJam55ahRaArH8Yj01kvNs/CBvvl77nX\nfHfCsNDYnrOcVy+YZEkDer82lTam066tg5icaarn/lToi3Kvo4oHuVeWyAgHpdnc\nZWq89DwJfPvJmux3iBnG+iabki2PaOBAJihBOue66GyaQGdWwUcRwR9eQi3GCiut\nzDtknMkdQEmB5MOgL9sIc/8kFYDrVlGz0RFa\n-----END CERTIFICATE-----\n",
                "external_v4_address": "51.250.2.182",
                "external_v4_endpoint": "https://51.250.2.182",
                "internal_v4_address": "10.128.0.29",
                "internal_v4_endpoint": "https://10.128.0.29",
                "maintenance_policy": [
                  {
                    "auto_upgrade": true,
                    "maintenance_window": []
                  }
                ],
                "public_ip": true,
                "regional": [],
                "security_group_ids": null,
                "version": "1.19",
                "version_info": [
                  {
                    "current_version": "1.19",
                    "new_revision_available": false,
                    "new_revision_summary": "",
                    "version_deprecated": false
                  }
                ],
                "zonal": [
                  {
                    "subnet_id": "e9bk3stnekis7eani58s",
                    "zone": "ru-central1-a"
                  }
                ]
              }
            ],
            "name": "k8s-4otus",
            "network_id": "enp4jp0tqr08ga9s2db6",
            "network_implementation": [],
            "network_policy_provider": "CALICO",
            "node_ipv4_cidr_mask_size": 24,
            "node_service_account_id": "aje43vf2rvfqf5tahtuf",
            "release_channel": "RAPID",
            "service_account_id": "aje43vf2rvfqf5tahtuf",
            "service_ipv4_range": "10.96.0.0/16",
            "service_ipv6_range": "",
            "status": "running",
            "timeouts": null
          },
          "private": "eyJlMmJmYjczMC1lY2FhLTExZTYtOGY4OC0zNDM2M2JjN2M0YzAiOnsiY3JlYXRlIjoxODAwMDAwMDAwMDAwLCJkZWxldGUiOjEyMDAwMDAwMDAwMDAsInJlYWQiOjMwMDAwMDAwMDAwMCwidXBkYXRlIjoxODAwMDAwMDAwMDAwfX0="
        }
      ]
    },
    {
      "mode": "managed",
      "type": "yandex_kubernetes_node_group",
      "name": "k8s-node",
      "provider": "provider[\"registry.terraform.io/yandex-cloud/yandex\"]",
      "instances": [
        {
          "schema_version": 0,
          "attributes": {
            "allocation_policy": [
              {
                "location": [
                  {
                    "subnet_id": "e9bk3stnekis7eani58s",
                    "zone": "ru-central1-a"
                  }
                ]
              }
            ],
            "allowed_unsafe_sysctls": null,
            "cluster_id": "catuue9vam06arq3r3fv",
            "created_at": "2022-08-03T20:09:50Z",
            "deploy_policy": [
              {
                "max_expansion": 3,
                "max_unavailable": 0
              }
            ],
            "description": "",
            "id": "cat9lpr0ddf9641thj3b",
            "instance_group_id": "cl1cs79udecnikaqhqlt",
            "instance_template": [
              {
                "boot_disk": [
                  {
                    "size": 64,
                    "type": "network-ssd"
                  }
                ],
                "container_runtime": [],
                "labels": null,
                "metadata": {
                  "ssh-keys": "ubuntu:ssh-rsa AAAAB3NzaC1yc2EAAAADAQABAAABgQDNQgXKZAosOdjrGFTs1cYNK4Y96UZTTdbKLsRHVCREQK8EN45oSBULd7/3TRtf5TDswb58JDJoDYzWdjaxhmeof0/MxvVwfK+oVp0Mc/L56RB1Us22QPpizENlRUL4YumQ+tRI39hm7Jp3lYp6qFPmijleJkPMbhita9gGX2AcZrDV967rFw0WJY2aiSzW2s5wvhVLrhRYlyGjlbGWro0ATpQLRAK78LHJw5pNkZl1i5r4bWWoMc/ggWgGuNApFnHZzWcc9f5g9/F/qKAy6Ib2KJfXLLcRrvNsBXwoOZxYBAIK7CI8i780dHIXLghC0T4I1Rt7h+cvZSH0O73SzlXFEq2GT/MF5jPM7J65sy8Gd54uj67+XzTDgA34rOG4MPAFIIlPI9bZ/VSO4kgsn4UY6/LeQNgMNpcsjaw1OLeM8Ox/BUGCYHDsj53P5ozqxLdQGetkmTN/58H4NyK7Q3O5n1irh6hHpz+UOnpr9bzGRKi1QPZmieR8fpYNM81d1hk= appuser\n"
                },
                "name": "",
                "nat": true,
                "network_acceleration_type": "type_unspecified",
                "network_interface": [
                  {
                    "ipv4": true,
                    "ipv4_dns_records": [],
                    "ipv6": false,
                    "ipv6_dns_records": [],
                    "nat": true,
                    "security_group_ids": [],
                    "subnet_ids": [
                      "e9bk3stnekis7eani58s"
                    ]
                  }
                ],
                "placement_policy": [],
                "platform_id": "standard-v2",
                "resources": [
                  {
                    "core_fraction": 100,
                    "cores": 4,
                    "gpus": 0,
                    "memory": 8
                  }
                ],
                "scheduling_policy": [
                  {
                    "preemptible": false
                  }
                ]
              }
            ],
            "labels": {},
            "maintenance_policy": [
              {
                "auto_repair": true,
                "auto_upgrade": true,
                "maintenance_window": []
              }
            ],
            "name": "k8s-node",
            "node_labels": null,
            "node_taints": null,
            "scale_policy": [
              {
                "auto_scale": [],
                "fixed_scale": [
                  {
                    "size": 2
                  }
                ]
              }
            ],
            "status": "running",
            "timeouts": null,
            "version": "1.19",
            "version_info": [
              {
                "current_version": "1.19",
                "new_revision_available": false,
                "new_revision_summary": "",
                "version_deprecated": false
              }
            ]
          },
          "private": "eyJlMmJmYjczMC1lY2FhLTExZTYtOGY4OC0zNDM2M2JjN2M0YzAiOnsiY3JlYXRlIjozNjAwMDAwMDAwMDAwLCJkZWxldGUiOjEyMDAwMDAwMDAwMDAsInJlYWQiOjYwMDAwMDAwMDAwMCwidXBkYXRlIjozNjAwMDAwMDAwMDAwfX0=",
          "dependencies": [
            "yandex_kubernetes_cluster.k8s-cluster"
          ]
        }
      ]
    }
  ]
}
